
Microsoft Visual Studio Solution File, Format Version 12.00
# Visual Studio 15
VisualStudioVersion = 15.0.28307.572
MinimumVisualStudioVersion = 10.0.40219.1
Project("{8BC9CEB8-8B4A-11D0-8D11-00A0C91BC942}") = "asfxc", "asfxc.vcxproj", "{A670990B-A6A8-4BA7-A9CC-30E9D67F8A11}"
EndProject
Project("{8BC9CEB8-8B4A-11D0-8D11-00A0C91BC942}") = "hlslcc", "..\external\HLSLcc\hlslcc.vcxproj", "{917770CF-11B9-320F-A260-BD2915893999}"
EndProject
Global
	GlobalSection(SolutionConfigurationPlatforms) = preSolution
		Debug|x64 = Debug|x64
		MinSizeRel|x64 = MinSizeRel|x64
		Release|x64 = Release|x64
		RelWithDebInfo|x64 = RelWithDebInfo|x64
	EndGlobalSection
	GlobalSection(ProjectConfigurationPlatforms) = postSolution
		{A670990B-A6A8-4BA7-A9CC-30E9D67F8A11}.Debug|x64.ActiveCfg = Debug|x64
		{A670990B-A6A8-4BA7-A9CC-30E9D67F8A11}.Debug|x64.Build.0 = Debug|x64
		{A670990B-A6A8-4BA7-A9CC-30E9D67F8A11}.MinSizeRel|x64.ActiveCfg = Release|x64
		{A670990B-A6A8-4BA7-A9CC-30E9D67F8A11}.MinSizeRel|x64.Build.0 = Release|x64
		{A670990B-A6A8-4BA7-A9CC-30E9D67F8A11}.Release|x64.ActiveCfg = Release|x64
		{A670990B-A6A8-4BA7-A9CC-30E9D67F8A11}.Release|x64.Build.0 = Release|x64
		{A670990B-A6A8-4BA7-A9CC-30E9D67F8A11}.RelWithDebInfo|x64.ActiveCfg = Release|x64
		{A670990B-A6A8-4BA7-A9CC-30E9D67F8A11}.RelWithDebInfo|x64.Build.0 = Release|x64
		{917770CF-11B9-320F-A260-BD2915893999}.Debug|x64.ActiveCfg = Debug|x64
		{917770CF-11B9-320F-A260-BD2915893999}.Debug|x64.Build.0 = Debug|x64
		{917770CF-11B9-320F-A260-BD2915893999}.MinSizeRel|x64.ActiveCfg = MinSizeRel|x64
		{917770CF-11B9-320F-A260-BD2915893999}.MinSizeRel|x64.Build.0 = MinSizeRel|x64
		{917770CF-11B9-320F-A260-BD2915893999}.Release|x64.ActiveCfg = Release|x64
		{917770CF-11B9-320F-A260-BD2915893999}.Release|x64.Build.0 = Release|x64
		{917770CF-11B9-320F-A260-BD2915893999}.RelWithDebInfo|x64.ActiveCfg = RelWithDebInfo|x64
		{917770CF-11B9-320F-A260-BD2915893999}.RelWithDebInfo|x64.Build.0 = RelWithDebInfo|x64
	EndGlobalSection
	GlobalSection(SolutionProperties) = preSolution
		HideSolutionNode = FALSE
	EndGlobalSection
	GlobalSection(ExtensibilityGlobals) = postSolution
		SolutionGuid = {70E6C4AB-B93E-423F-9ECE-20A68B3EB188}
	EndGlobalSection
EndGlobal
